a:8:{s:5:"doing";s:22:"Sending to destination";s:8:"item_key";i:1381197048;s:13:"data_item_key";i:1381277332;s:10:"time_start";i:1397440260;s:3:"pid";i:26211;s:8:"has_lock";b:1;s:9:"file_name";s:102:"/home/bandver5/public_html/wp-content/uploads/snapshots/snapshot-1381197048-131009-000852-12b1e340.zip";s:9:"file_size";i:647383;}
